
Microsoft Visual Studio Solution File, Format Version 12.00
# Visual Studio 14
VisualStudioVersion = 14.0.24720.0
MinimumVisualStudioVersion = 10.0.40219.1
Project("{8BC9CEB8-8B4A-11D0-8D11-00A0C91BC942}") = "jailang", "jailang.vcxproj", "{55FC0C0F-FC9B-4BBA-902D-DDAC0463B14D}"
	ProjectSection(ProjectDependencies) = postProject
		{5B2E90B2-B457-4DEA-8D40-0597704F99B9} = {5B2E90B2-B457-4DEA-8D40-0597704F99B9}
	EndProjectSection
EndProject
Project("{8BC9CEB8-8B4A-11D0-8D11-00A0C91BC942}") = "Basic", "lib\Basic\Basic.vcxproj", "{EEB31C4A-1262-4A9A-B3A9-90A7004B2656}"
EndProject
Project("{8BC9CEB8-8B4A-11D0-8D11-00A0C91BC942}") = "GL", "lib\GL\GL.vcxproj", "{6D2BA3F7-45E1-4227-A44C-F41ADC314017}"
EndProject
Project("{8BC9CEB8-8B4A-11D0-8D11-00A0C91BC942}") = "MissingLlvmC", "external\MissingLlvmC\MissingLlvmC.vcxproj", "{5B2E90B2-B457-4DEA-8D40-0597704F99B9}"
EndProject
Global
	GlobalSection(SolutionConfigurationPlatforms) = preSolution
		Debug|x64 = Debug|x64
		Debug|x86 = Debug|x86
		Release|x64 = Release|x64
		Release|x86 = Release|x86
	EndGlobalSection
	GlobalSection(ProjectConfigurationPlatforms) = postSolution
		{55FC0C0F-FC9B-4BBA-902D-DDAC0463B14D}.Debug|x64.ActiveCfg = Debug|x64
		{55FC0C0F-FC9B-4BBA-902D-DDAC0463B14D}.Debug|x64.Build.0 = Debug|x64
		{55FC0C0F-FC9B-4BBA-902D-DDAC0463B14D}.Debug|x86.ActiveCfg = Debug|Win32
		{55FC0C0F-FC9B-4BBA-902D-DDAC0463B14D}.Debug|x86.Build.0 = Debug|Win32
		{55FC0C0F-FC9B-4BBA-902D-DDAC0463B14D}.Release|x64.ActiveCfg = Release|x64
		{55FC0C0F-FC9B-4BBA-902D-DDAC0463B14D}.Release|x64.Build.0 = Release|x64
		{55FC0C0F-FC9B-4BBA-902D-DDAC0463B14D}.Release|x86.ActiveCfg = Release|Win32
		{55FC0C0F-FC9B-4BBA-902D-DDAC0463B14D}.Release|x86.Build.0 = Release|Win32
		{EEB31C4A-1262-4A9A-B3A9-90A7004B2656}.Debug|x64.ActiveCfg = Debug|x64
		{EEB31C4A-1262-4A9A-B3A9-90A7004B2656}.Debug|x64.Build.0 = Debug|x64
		{EEB31C4A-1262-4A9A-B3A9-90A7004B2656}.Debug|x86.ActiveCfg = Debug|Win32
		{EEB31C4A-1262-4A9A-B3A9-90A7004B2656}.Debug|x86.Build.0 = Debug|Win32
		{EEB31C4A-1262-4A9A-B3A9-90A7004B2656}.Release|x64.ActiveCfg = Release|x64
		{EEB31C4A-1262-4A9A-B3A9-90A7004B2656}.Release|x64.Build.0 = Release|x64
		{EEB31C4A-1262-4A9A-B3A9-90A7004B2656}.Release|x86.ActiveCfg = Release|Win32
		{EEB31C4A-1262-4A9A-B3A9-90A7004B2656}.Release|x86.Build.0 = Release|Win32
		{6D2BA3F7-45E1-4227-A44C-F41ADC314017}.Debug|x64.ActiveCfg = Debug|x64
		{6D2BA3F7-45E1-4227-A44C-F41ADC314017}.Debug|x64.Build.0 = Debug|x64
		{6D2BA3F7-45E1-4227-A44C-F41ADC314017}.Debug|x86.ActiveCfg = Debug|Win32
		{6D2BA3F7-45E1-4227-A44C-F41ADC314017}.Debug|x86.Build.0 = Debug|Win32
		{6D2BA3F7-45E1-4227-A44C-F41ADC314017}.Release|x64.ActiveCfg = Release|x64
		{6D2BA3F7-45E1-4227-A44C-F41ADC314017}.Release|x64.Build.0 = Release|x64
		{6D2BA3F7-45E1-4227-A44C-F41ADC314017}.Release|x86.ActiveCfg = Release|Win32
		{6D2BA3F7-45E1-4227-A44C-F41ADC314017}.Release|x86.Build.0 = Release|Win32
		{5B2E90B2-B457-4DEA-8D40-0597704F99B9}.Debug|x64.ActiveCfg = Debug|x64
		{5B2E90B2-B457-4DEA-8D40-0597704F99B9}.Debug|x64.Build.0 = Debug|x64
		{5B2E90B2-B457-4DEA-8D40-0597704F99B9}.Debug|x86.ActiveCfg = Debug|Win32
		{5B2E90B2-B457-4DEA-8D40-0597704F99B9}.Debug|x86.Build.0 = Debug|Win32
		{5B2E90B2-B457-4DEA-8D40-0597704F99B9}.Release|x64.ActiveCfg = Release|x64
		{5B2E90B2-B457-4DEA-8D40-0597704F99B9}.Release|x64.Build.0 = Release|x64
		{5B2E90B2-B457-4DEA-8D40-0597704F99B9}.Release|x86.ActiveCfg = Release|Win32
		{5B2E90B2-B457-4DEA-8D40-0597704F99B9}.Release|x86.Build.0 = Release|Win32
	EndGlobalSection
	GlobalSection(SolutionProperties) = preSolution
		HideSolutionNode = FALSE
	EndGlobalSection
EndGlobal
